// !$*UTF8*$!
{
	archiveVersion = 1;
	classes = {
	};
	objectVersion = 50;
	objects = {

/* Begin PBXBuildFile section */
		0D28848E21E8BA1B0024FB0F /* AppDelegate.swift in Sources */ = {isa = PBXBuildFile; fileRef = 0D28848D21E8BA1B0024FB0F /* AppDelegate.swift */; };
		0D28849021E8BA1B0024FB0F /* MessagesController.swift in Sources */ = {isa = PBXBuildFile; fileRef = 0D28848F21E8BA1B0024FB0F /* MessagesController.swift */; };
		0D28849321E8BA1B0024FB0F /* Main.storyboard in Resources */ = {isa = PBXBuildFile; fileRef = 0D28849121E8BA1B0024FB0F /* Main.storyboard */; };
		0D28849521E8BA1F0024FB0F /* Assets.xcassets in Resources */ = {isa = PBXBuildFile; fileRef = 0D28849421E8BA1F0024FB0F /* Assets.xcassets */; };
		0D28849821E8BA1F0024FB0F /* LaunchScreen.storyboard in Resources */ = {isa = PBXBuildFile; fileRef = 0D28849621E8BA1F0024FB0F /* LaunchScreen.storyboard */; };
		0D2884A321E8BA1F0024FB0F /* choiceTests.swift in Sources */ = {isa = PBXBuildFile; fileRef = 0D2884A221E8BA1F0024FB0F /* choiceTests.swift */; };
		0D2884AE21E8BA1F0024FB0F /* choiceUITests.swift in Sources */ = {isa = PBXBuildFile; fileRef = 0D2884AD21E8BA1F0024FB0F /* choiceUITests.swift */; };
		0D2884BD21E8BB7D0024FB0F /* LoginController.swift in Sources */ = {isa = PBXBuildFile; fileRef = 0D2884BC21E8BB7D0024FB0F /* LoginController.swift */; };
		0D2884BF21E8BC650024FB0F /* UIColor.swift in Sources */ = {isa = PBXBuildFile; fileRef = 0D2884BE21E8BC650024FB0F /* UIColor.swift */; };
		0D3A415021EA3A6B00643459 /* Service.swift in Sources */ = {isa = PBXBuildFile; fileRef = 0D3A414F21EA3A6B00643459 /* Service.swift */; };
		0D3A415221EA509900643459 /* LoginController+handlers.swift in Sources */ = {isa = PBXBuildFile; fileRef = 0D3A415121EA509900643459 /* LoginController+handlers.swift */; };
		0D8EC66121EA704D00CE0312 /* Extensions.swift in Sources */ = {isa = PBXBuildFile; fileRef = 0D8EC66021EA704D00CE0312 /* Extensions.swift */; };
		0D91F90021E95AD600EEFAC6 /* GoogleService-Info.plist in Resources */ = {isa = PBXBuildFile; fileRef = 0D91F8FF21E95AD500EEFAC6 /* GoogleService-Info.plist */; };
		0D91F90221E96D0E00EEFAC6 /* User.swift in Sources */ = {isa = PBXBuildFile; fileRef = 0D91F90121E96D0E00EEFAC6 /* User.swift */; };
		0D91F90521E96D9500EEFAC6 /* NewMessageController.swift in Sources */ = {isa = PBXBuildFile; fileRef = 0D91F90421E96D9500EEFAC6 /* NewMessageController.swift */; };
		0F5FE728917ABD1833B0E001 /* Pods_choiceUITests.framework in Frameworks */ = {isa = PBXBuildFile; fileRef = 46ABBA1469FC122CB249515C /* Pods_choiceUITests.framework */; };
		20B874ED4F520421599B00E5 /* Pods_choice.framework in Frameworks */ = {isa = PBXBuildFile; fileRef = 15A932243D35138CBC7686AA /* Pods_choice.framework */; };
		4C4E9A541C33125683451BAC /* Pods_choiceTests.framework in Frameworks */ = {isa = PBXBuildFile; fileRef = FEAB63024F2DEB20AB0A07BF /* Pods_choiceTests.framework */; };
/* End PBXBuildFile section */

/* Begin PBXContainerItemProxy section */
		0D28849F21E8BA1F0024FB0F /* PBXContainerItemProxy */ = {
			isa = PBXContainerItemProxy;
			containerPortal = 0D28848221E8BA1B0024FB0F /* Project object */;
			proxyType = 1;
			remoteGlobalIDString = 0D28848921E8BA1B0024FB0F;
			remoteInfo = choice;
		};
		0D2884AA21E8BA1F0024FB0F /* PBXContainerItemProxy */ = {
			isa = PBXContainerItemProxy;
			containerPortal = 0D28848221E8BA1B0024FB0F /* Project object */;
			proxyType = 1;
			remoteGlobalIDString = 0D28848921E8BA1B0024FB0F;
			remoteInfo = choice;
		};
/* End PBXContainerItemProxy section */

/* Begin PBXFileReference section */
		024FEBBC6D0F7B34C9AD8C13 /* Pods-choice.release.xcconfig */ = {isa = PBXFileReference; includeInIndex = 1; lastKnownFileType = text.xcconfig; name = "Pods-choice.release.xcconfig"; path = "Pods/Target Support Files/Pods-choice/Pods-choice.release.xcconfig"; sourceTree = "<group>"; };
		0D28848A21E8BA1B0024FB0F /* choice.app */ = {isa = PBXFileReference; explicitFileType = wrapper.application; includeInIndex = 0; path = choice.app; sourceTree = BUILT_PRODUCTS_DIR; };
		0D28848D21E8BA1B0024FB0F /* AppDelegate.swift */ = {isa = PBXFileReference; lastKnownFileType = sourcecode.swift; path = AppDelegate.swift; sourceTree = "<group>"; };
		0D28848F21E8BA1B0024FB0F /* MessagesController.swift */ = {isa = PBXFileReference; lastKnownFileType = sourcecode.swift; path = MessagesController.swift; sourceTree = "<group>"; };
		0D28849221E8BA1B0024FB0F /* Base */ = {isa = PBXFileReference; lastKnownFileType = file.storyboard; name = Base; path = Base.lproj/Main.storyboard; sourceTree = "<group>"; };
		0D28849421E8BA1F0024FB0F /* Assets.xcassets */ = {isa = PBXFileReference; lastKnownFileType = folder.assetcatalog; path = Assets.xcassets; sourceTree = "<group>"; };
		0D28849721E8BA1F0024FB0F /* Base */ = {isa = PBXFileReference; lastKnownFileType = file.storyboard; name = Base; path = Base.lproj/LaunchScreen.storyboard; sourceTree = "<group>"; };
		0D28849921E8BA1F0024FB0F /* Info.plist */ = {isa = PBXFileReference; lastKnownFileType = text.plist.xml; path = Info.plist; sourceTree = "<group>"; };
		0D28849E21E8BA1F0024FB0F /* choiceTests.xctest */ = {isa = PBXFileReference; explicitFileType = wrapper.cfbundle; includeInIndex = 0; path = choiceTests.xctest; sourceTree = BUILT_PRODUCTS_DIR; };
		0D2884A221E8BA1F0024FB0F /* choiceTests.swift */ = {isa = PBXFileReference; lastKnownFileType = sourcecode.swift; path = choiceTests.swift; sourceTree = "<group>"; };
		0D2884A421E8BA1F0024FB0F /* Info.plist */ = {isa = PBXFileReference; lastKnownFileType = text.plist.xml; path = Info.plist; sourceTree = "<group>"; };
		0D2884A921E8BA1F0024FB0F /* choiceUITests.xctest */ = {isa = PBXFileReference; explicitFileType = wrapper.cfbundle; includeInIndex = 0; path = choiceUITests.xctest; sourceTree = BUILT_PRODUCTS_DIR; };
		0D2884AD21E8BA1F0024FB0F /* choiceUITests.swift */ = {isa = PBXFileReference; lastKnownFileType = sourcecode.swift; path = choiceUITests.swift; sourceTree = "<group>"; };
		0D2884AF21E8BA1F0024FB0F /* Info.plist */ = {isa = PBXFileReference; lastKnownFileType = text.plist.xml; path = Info.plist; sourceTree = "<group>"; };
		0D2884BC21E8BB7D0024FB0F /* LoginController.swift */ = {isa = PBXFileReference; lastKnownFileType = sourcecode.swift; path = LoginController.swift; sourceTree = "<group>"; };
		0D2884BE21E8BC650024FB0F /* UIColor.swift */ = {isa = PBXFileReference; lastKnownFileType = sourcecode.swift; path = UIColor.swift; sourceTree = "<group>"; };
		0D3A414F21EA3A6B00643459 /* Service.swift */ = {isa = PBXFileReference; lastKnownFileType = sourcecode.swift; path = Service.swift; sourceTree = "<group>"; };
		0D3A415121EA509900643459 /* LoginController+handlers.swift */ = {isa = PBXFileReference; lastKnownFileType = sourcecode.swift; path = "LoginController+handlers.swift"; sourceTree = "<group>"; };
		0D8EC66021EA704D00CE0312 /* Extensions.swift */ = {isa = PBXFileReference; lastKnownFileType = sourcecode.swift; path = Extensions.swift; sourceTree = "<group>"; };
		0D91F8FF21E95AD500EEFAC6 /* GoogleService-Info.plist */ = {isa = PBXFileReference; fileEncoding = 4; lastKnownFileType = text.plist.xml; path = "GoogleService-Info.plist"; sourceTree = "<group>"; };
		0D91F90121E96D0E00EEFAC6 /* User.swift */ = {isa = PBXFileReference; lastKnownFileType = sourcecode.swift; path = User.swift; sourceTree = "<group>"; };
		0D91F90421E96D9500EEFAC6 /* NewMessageController.swift */ = {isa = PBXFileReference; lastKnownFileType = sourcecode.swift; path = NewMessageController.swift; sourceTree = "<group>"; };
		15A932243D35138CBC7686AA /* Pods_choice.framework */ = {isa = PBXFileReference; explicitFileType = wrapper.framework; includeInIndex = 0; path = Pods_choice.framework; sourceTree = BUILT_PRODUCTS_DIR; };
		46ABBA1469FC122CB249515C /* Pods_choiceUITests.framework */ = {isa = PBXFileReference; explicitFileType = wrapper.framework; includeInIndex = 0; path = Pods_choiceUITests.framework; sourceTree = BUILT_PRODUCTS_DIR; };
		4A628AE7B2CB4A6EF79E6B69 /* Pods-choiceUITests.debug.xcconfig */ = {isa = PBXFileReference; includeInIndex = 1; lastKnownFileType = text.xcconfig; name = "Pods-choiceUITests.debug.xcconfig"; path = "Pods/Target Support Files/Pods-choiceUITests/Pods-choiceUITests.debug.xcconfig"; sourceTree = "<group>"; };
		BE727E5DF1739037579AB1F4 /* Pods-choice.debug.xcconfig */ = {isa = PBXFileReference; includeInIndex = 1; lastKnownFileType = text.xcconfig; name = "Pods-choice.debug.xcconfig"; path = "Pods/Target Support Files/Pods-choice/Pods-choice.debug.xcconfig"; sourceTree = "<group>"; };
		C57780FA81E8D5A83AC6084A /* Pods-choiceTests.debug.xcconfig */ = {isa = PBXFileReference; includeInIndex = 1; lastKnownFileType = text.xcconfig; name = "Pods-choiceTests.debug.xcconfig"; path = "Pods/Target Support Files/Pods-choiceTests/Pods-choiceTests.debug.xcconfig"; sourceTree = "<group>"; };
		E509B075A0E7B0C118E06589 /* Pods-choiceTests.release.xcconfig */ = {isa = PBXFileReference; includeInIndex = 1; lastKnownFileType = text.xcconfig; name = "Pods-choiceTests.release.xcconfig"; path = "Pods/Target Support Files/Pods-choiceTests/Pods-choiceTests.release.xcconfig"; sourceTree = "<group>"; };
		EF6FEA70AEC1E2329EC621D6 /* Pods-choiceUITests.release.xcconfig */ = {isa = PBXFileReference; includeInIndex = 1; lastKnownFileType = text.xcconfig; name = "Pods-choiceUITests.release.xcconfig"; path = "Pods/Target Support Files/Pods-choiceUITests/Pods-choiceUITests.release.xcconfig"; sourceTree = "<group>"; };
		FEAB63024F2DEB20AB0A07BF /* Pods_choiceTests.framework */ = {isa = PBXFileReference; explicitFileType = wrapper.framework; includeInIndex = 0; path = Pods_choiceTests.framework; sourceTree = BUILT_PRODUCTS_DIR; };
/* End PBXFileReference section */

/* Begin PBXFrameworksBuildPhase section */
		0D28848721E8BA1B0024FB0F /* Frameworks */ = {
			isa = PBXFrameworksBuildPhase;
			buildActionMask = 2147483647;
			files = (
				20B874ED4F520421599B00E5 /* Pods_choice.framework in Frameworks */,
			);
			runOnlyForDeploymentPostprocessing = 0;
		};
		0D28849B21E8BA1F0024FB0F /* Frameworks */ = {
			isa = PBXFrameworksBuildPhase;
			buildActionMask = 2147483647;
			files = (
				4C4E9A541C33125683451BAC /* Pods_choiceTests.framework in Frameworks */,
			);
			runOnlyForDeploymentPostprocessing = 0;
		};
		0D2884A621E8BA1F0024FB0F /* Frameworks */ = {
			isa = PBXFrameworksBuildPhase;
			buildActionMask = 2147483647;
			files = (
				0F5FE728917ABD1833B0E001 /* Pods_choiceUITests.framework in Frameworks */,
			);
			runOnlyForDeploymentPostprocessing = 0;
		};
/* End PBXFrameworksBuildPhase section */

/* Begin PBXGroup section */
		0D28848121E8BA1B0024FB0F = {
			isa = PBXGroup;
			children = (
				0D28848C21E8BA1B0024FB0F /* choice */,
				0D2884A121E8BA1F0024FB0F /* choiceTests */,
				0D2884AC21E8BA1F0024FB0F /* choiceUITests */,
				0D28848B21E8BA1B0024FB0F /* Products */,
				C2C49BB629B0534361C1F96A /* Pods */,
				E671413F95D89BF53553761E /* Frameworks */,
			);
			sourceTree = "<group>";
		};
		0D28848B21E8BA1B0024FB0F /* Products */ = {
			isa = PBXGroup;
			children = (
				0D28848A21E8BA1B0024FB0F /* choice.app */,
				0D28849E21E8BA1F0024FB0F /* choiceTests.xctest */,
				0D2884A921E8BA1F0024FB0F /* choiceUITests.xctest */,
			);
			name = Products;
			sourceTree = "<group>";
		};
		0D28848C21E8BA1B0024FB0F /* choice */ = {
			isa = PBXGroup;
			children = (
				0D8EC65F21EA700300CE0312 /* Helpers */,
				0D91F90321E96D1B00EEFAC6 /* Model */,
				0D2884BB21E8BB420024FB0F /* Controller */,
				0D28848D21E8BA1B0024FB0F /* AppDelegate.swift */,
				0D28849121E8BA1B0024FB0F /* Main.storyboard */,
				0D28849421E8BA1F0024FB0F /* Assets.xcassets */,
				0D28849621E8BA1F0024FB0F /* LaunchScreen.storyboard */,
				0D28849921E8BA1F0024FB0F /* Info.plist */,
				0D2884BE21E8BC650024FB0F /* UIColor.swift */,
				0D91F8FF21E95AD500EEFAC6 /* GoogleService-Info.plist */,
				0D3A414F21EA3A6B00643459 /* Service.swift */,
			);
			path = choice;
			sourceTree = "<group>";
		};
		0D2884A121E8BA1F0024FB0F /* choiceTests */ = {
			isa = PBXGroup;
			children = (
				0D2884A221E8BA1F0024FB0F /* choiceTests.swift */,
				0D2884A421E8BA1F0024FB0F /* Info.plist */,
			);
			path = choiceTests;
			sourceTree = "<group>";
		};
		0D2884AC21E8BA1F0024FB0F /* choiceUITests */ = {
			isa = PBXGroup;
			children = (
				0D2884AD21E8BA1F0024FB0F /* choiceUITests.swift */,
				0D2884AF21E8BA1F0024FB0F /* Info.plist */,
			);
			path = choiceUITests;
			sourceTree = "<group>";
		};
		0D2884BB21E8BB420024FB0F /* Controller */ = {
			isa = PBXGroup;
			children = (
				0D2884BC21E8BB7D0024FB0F /* LoginController.swift */,
				0D28848F21E8BA1B0024FB0F /* MessagesController.swift */,
				0D91F90421E96D9500EEFAC6 /* NewMessageController.swift */,
				0D3A415121EA509900643459 /* LoginController+handlers.swift */,
			);
			path = Controller;
			sourceTree = "<group>";
		};
		0D8EC65F21EA700300CE0312 /* Helpers */ = {
			isa = PBXGroup;
			children = (
				0D8EC66021EA704D00CE0312 /* Extensions.swift */,
			);
			path = Helpers;
			sourceTree = "<group>";
		};
		0D91F90321E96D1B00EEFAC6 /* Model */ = {
			isa = PBXGroup;
			children = (
				0D91F90121E96D0E00EEFAC6 /* User.swift */,
			);
			path = Model;
			sourceTree = "<group>";
		};
		C2C49BB629B0534361C1F96A /* Pods */ = {
			isa = PBXGroup;
			children = (
				BE727E5DF1739037579AB1F4 /* Pods-choice.debug.xcconfig */,
				024FEBBC6D0F7B34C9AD8C13 /* Pods-choice.release.xcconfig */,
				C57780FA81E8D5A83AC6084A /* Pods-choiceTests.debug.xcconfig */,
				E509B075A0E7B0C118E06589 /* Pods-choiceTests.release.xcconfig */,
				4A628AE7B2CB4A6EF79E6B69 /* Pods-choiceUITests.debug.xcconfig */,
				EF6FEA70AEC1E2329EC621D6 /* Pods-choiceUITests.release.xcconfig */,
			);
			name = Pods;
			sourceTree = "<group>";
		};
		E671413F95D89BF53553761E /* Frameworks */ = {
			isa = PBXGroup;
			children = (
				15A932243D35138CBC7686AA /* Pods_choice.framework */,
				FEAB63024F2DEB20AB0A07BF /* Pods_choiceTests.framework */,
				46ABBA1469FC122CB249515C /* Pods_choiceUITests.framework */,
			);
			name = Frameworks;
			sourceTree = "<group>";
		};
/* End PBXGroup section */

/* Begin PBXNativeTarget section */
		0D28848921E8BA1B0024FB0F /* choice */ = {
			isa = PBXNativeTarget;
			buildConfigurationList = 0D2884B221E8BA1F0024FB0F /* Build configuration list for PBXNativeTarget "choice" */;
			buildPhases = (
				FFC456EEDA89F70DAFEF05E9 /* [CP] Check Pods Manifest.lock */,
				0D28848621E8BA1B0024FB0F /* Sources */,
				0D28848721E8BA1B0024FB0F /* Frameworks */,
				0D28848821E8BA1B0024FB0F /* Resources */,
				490C3E505B4961455D093BBD /* [CP] Embed Pods Frameworks */,
			);
			buildRules = (
			);
			dependencies = (
			);
			name = choice;
			productName = choice;
			productReference = 0D28848A21E8BA1B0024FB0F /* choice.app */;
			productType = "com.apple.product-type.application";
		};
		0D28849D21E8BA1F0024FB0F /* choiceTests */ = {
			isa = PBXNativeTarget;
			buildConfigurationList = 0D2884B521E8BA1F0024FB0F /* Build configuration list for PBXNativeTarget "choiceTests" */;
			buildPhases = (
				6045CB4894BE25105951EA7B /* [CP] Check Pods Manifest.lock */,
				0D28849A21E8BA1F0024FB0F /* Sources */,
				0D28849B21E8BA1F0024FB0F /* Frameworks */,
				0D28849C21E8BA1F0024FB0F /* Resources */,
			);
			buildRules = (
			);
			dependencies = (
				0D2884A021E8BA1F0024FB0F /* PBXTargetDependency */,
			);
			name = choiceTests;
			productName = choiceTests;
			productReference = 0D28849E21E8BA1F0024FB0F /* choiceTests.xctest */;
			productType = "com.apple.product-type.bundle.unit-test";
		};
		0D2884A821E8BA1F0024FB0F /* choiceUITests */ = {
			isa = PBXNativeTarget;
			buildConfigurationList = 0D2884B821E8BA1F0024FB0F /* Build configuration list for PBXNativeTarget "choiceUITests" */;
			buildPhases = (
				7CFD514F92079E501DD50FDC /* [CP] Check Pods Manifest.lock */,
				0D2884A521E8BA1F0024FB0F /* Sources */,
				0D2884A621E8BA1F0024FB0F /* Frameworks */,
				0D2884A721E8BA1F0024FB0F /* Resources */,
			);
			buildRules = (
			);
			dependencies = (
				0D2884AB21E8BA1F0024FB0F /* PBXTargetDependency */,
			);
			name = choiceUITests;
			productName = choiceUITests;
			productReference = 0D2884A921E8BA1F0024FB0F /* choiceUITests.xctest */;
			productType = "com.apple.product-type.bundle.ui-testing";
		};
/* End PBXNativeTarget section */

/* Begin PBXProject section */
		0D28848221E8BA1B0024FB0F /* Project object */ = {
			isa = PBXProject;
			attributes = {
				LastSwiftUpdateCheck = 1010;
				LastUpgradeCheck = 1010;
				ORGANIZATIONNAME = Ivan;
				TargetAttributes = {
					0D28848921E8BA1B0024FB0F = {
						CreatedOnToolsVersion = 10.1;
					};
					0D28849D21E8BA1F0024FB0F = {
						CreatedOnToolsVersion = 10.1;
						TestTargetID = 0D28848921E8BA1B0024FB0F;
					};
					0D2884A821E8BA1F0024FB0F = {
						CreatedOnToolsVersion = 10.1;
						TestTargetID = 0D28848921E8BA1B0024FB0F;
					};
				};
			};
			buildConfigurationList = 0D28848521E8BA1B0024FB0F /* Build configuration list for PBXProject "choice" */;
			compatibilityVersion = "Xcode 9.3";
			developmentRegion = en;
			hasScannedForEncodings = 0;
			knownRegions = (
				en,
				Base,
			);
			mainGroup = 0D28848121E8BA1B0024FB0F;
			productRefGroup = 0D28848B21E8BA1B0024FB0F /* Products */;
			projectDirPath = "";
			projectRoot = "";
			targets = (
				0D28848921E8BA1B0024FB0F /* choice */,
				0D28849D21E8BA1F0024FB0F /* choiceTests */,
				0D2884A821E8BA1F0024FB0F /* choiceUITests */,
			);
		};
/* End PBXProject section */

/* Begin PBXResourcesBuildPhase section */
		0D28848821E8BA1B0024FB0F /* Resources */ = {
			isa = PBXResourcesBuildPhase;
			buildActionMask = 2147483647;
			files = (
				0D28849821E8BA1F0024FB0F /* LaunchScreen.storyboard in Resources */,
				0D91F90021E95AD600EEFAC6 /* GoogleService-Info.plist in Resources */,
				0D28849521E8BA1F0024FB0F /* Assets.xcassets in Resources */,
				0D28849321E8BA1B0024FB0F /* Main.storyboard in Resources */,
			);
			runOnlyForDeploymentPostprocessing = 0;
		};
		0D28849C21E8BA1F0024FB0F /* Resources */ = {
			isa = PBXResourcesBuildPhase;
			buildActionMask = 2147483647;
			files = (
			);
			runOnlyForDeploymentPostprocessing = 0;
		};
		0D2884A721E8BA1F0024FB0F /* Resources */ = {
			isa = PBXResourcesBuildPhase;
			buildActionMask = 2147483647;
			files = (
			);
			runOnlyForDeploymentPostprocessing = 0;
		};
/* End PBXResourcesBuildPhase section */

/* Begin PBXShellScriptBuildPhase section */
		490C3E505B4961455D093BBD /* [CP] Embed Pods Frameworks */ = {
			isa = PBXShellScriptBuildPhase;
			buildActionMask = 2147483647;
			files = (
			);
			inputFileListPaths = (
			);
			inputPaths = (
				"${SRCROOT}/Pods/Target Support Files/Pods-choice/Pods-choice-frameworks.sh",
				"${BUILT_PRODUCTS_DIR}/Bolts/Bolts.framework",
				"${BUILT_PRODUCTS_DIR}/FBSDKCoreKit/FBSDKCoreKit.framework",
				"${BUILT_PRODUCTS_DIR}/FBSDKLoginKit/FBSDKLoginKit.framework",
				"${BUILT_PRODUCTS_DIR}/FBSDKShareKit/FBSDKShareKit.framework",
				"${BUILT_PRODUCTS_DIR}/FacebookCore/FacebookCore.framework",
				"${BUILT_PRODUCTS_DIR}/FacebookLogin/FacebookLogin.framework",
				"${BUILT_PRODUCTS_DIR}/GTMSessionFetcher/GTMSessionFetcher.framework",
				"${BUILT_PRODUCTS_DIR}/GoogleUtilities/GoogleUtilities.framework",
				"${BUILT_PRODUCTS_DIR}/JGProgressHUD/JGProgressHUD.framework",
				"${BUILT_PRODUCTS_DIR}/SwiftyJSON/SwiftyJSON.framework",
				"${BUILT_PRODUCTS_DIR}/leveldb-library/leveldb.framework",
				"${BUILT_PRODUCTS_DIR}/nanopb/nanopb.framework",
			);
			name = "[CP] Embed Pods Frameworks";
			outputFileListPaths = (
			);
			outputPaths = (
				"${TARGET_BUILD_DIR}/${FRAMEWORKS_FOLDER_PATH}/Bolts.framework",
				"${TARGET_BUILD_DIR}/${FRAMEWORKS_FOLDER_PATH}/FBSDKCoreKit.framework",
				"${TARGET_BUILD_DIR}/${FRAMEWORKS_FOLDER_PATH}/FBSDKLoginKit.framework",
				"${TARGET_BUILD_DIR}/${FRAMEWORKS_FOLDER_PATH}/FBSDKShareKit.framework",
				"${TARGET_BUILD_DIR}/${FRAMEWORKS_FOLDER_PATH}/FacebookCore.framework",
				"${TARGET_BUILD_DIR}/${FRAMEWORKS_FOLDER_PATH}/FacebookLogin.framework",
				"${TARGET_BUILD_DIR}/${FRAMEWORKS_FOLDER_PATH}/GTMSessionFetcher.framework",
				"${TARGET_BUILD_DIR}/${FRAMEWORKS_FOLDER_PATH}/GoogleUtilities.framework",
				"${TARGET_BUILD_DIR}/${FRAMEWORKS_FOLDER_PATH}/JGProgressHUD.framework",
				"${TARGET_BUILD_DIR}/${FRAMEWORKS_FOLDER_PATH}/SwiftyJSON.framework",
				"${TARGET_BUILD_DIR}/${FRAMEWORKS_FOLDER_PATH}/leveldb.framework",
				"${TARGET_BUILD_DIR}/${FRAMEWORKS_FOLDER_PATH}/nanopb.framework",
			);
			runOnlyForDeploymentPostprocessing = 0;
			shellPath = /bin/sh;
			shellScript = "\"${SRCROOT}/Pods/Target Support Files/Pods-choice/Pods-choice-frameworks.sh\"\n";
			showEnvVarsInLog = 0;
		};
		6045CB4894BE25105951EA7B /* [CP] Check Pods Manifest.lock */ = {
			isa = PBXShellScriptBuildPhase;
			buildActionMask = 2147483647;
			files = (
			);
			inputFileListPaths = (
			);
			inputPaths = (
				"${PODS_PODFILE_DIR_PATH}/Podfile.lock",
				"${PODS_ROOT}/Manifest.lock",
			);
			name = "[CP] Check Pods Manifest.lock";
			outputFileListPaths = (
			);
			outputPaths = (
				"$(DERIVED_FILE_DIR)/Pods-choiceTests-checkManifestLockResult.txt",
			);
			runOnlyForDeploymentPostprocessing = 0;
			shellPath = /bin/sh;
			shellScript = "diff \"${PODS_PODFILE_DIR_PATH}/Podfile.lock\" \"${PODS_ROOT}/Manifest.lock\" > /dev/null\nif [ $? != 0 ] ; then\n    # print error to STDERR\n    echo \"error: The sandbox is not in sync with the Podfile.lock. Run 'pod install' or update your CocoaPods installation.\" >&2\n    exit 1\nfi\n# This output is used by Xcode 'outputs' to avoid re-running this script phase.\necho \"SUCCESS\" > \"${SCRIPT_OUTPUT_FILE_0}\"\n";
			showEnvVarsInLog = 0;
		};
		7CFD514F92079E501DD50FDC /* [CP] Check Pods Manifest.lock */ = {
			isa = PBXShellScriptBuildPhase;
			buildActionMask = 2147483647;
			files = (
			);
			inputFileListPaths = (
			);
			inputPaths = (
				"${PODS_PODFILE_DIR_PATH}/Podfile.lock",
				"${PODS_ROOT}/Manifest.lock",
			);
			name = "[CP] Check Pods Manifest.lock";
			outputFileListPaths = (
			);
			outputPaths = (
				"$(DERIVED_FILE_DIR)/Pods-choiceUITests-checkManifestLockResult.txt",
			);
			runOnlyForDeploymentPostprocessing = 0;
			shellPath = /bin/sh;
			shellScript = "diff \"${PODS_PODFILE_DIR_PATH}/Podfile.lock\" \"${PODS_ROOT}/Manifest.lock\" > /dev/null\nif [ $? != 0 ] ; then\n    # print error to STDERR\n    echo \"error: The sandbox is not in sync with the Podfile.lock. Run 'pod install' or update your CocoaPods installation.\" >&2\n    exit 1\nfi\n# This output is used by Xcode 'outputs' to avoid re-running this script phase.\necho \"SUCCESS\" > \"${SCRIPT_OUTPUT_FILE_0}\"\n";
			showEnvVarsInLog = 0;
		};
		FFC456EEDA89F70DAFEF05E9 /* [CP] Check Pods Manifest.lock */ = {
			isa = PBXShellScriptBuildPhase;
			buildActionMask = 2147483647;
			files = (
			);
			inputFileListPaths = (
			);
			inputPaths = (
				"${PODS_PODFILE_DIR_PATH}/Podfile.lock",
				"${PODS_ROOT}/Manifest.lock",
			);
			name = "[CP] Check Pods Manifest.lock";
			outputFileListPaths = (
			);
			outputPaths = (
				"$(DERIVED_FILE_DIR)/Pods-choice-checkManifestLockResult.txt",
			);
			runOnlyForDeploymentPostprocessing = 0;
			shellPath = /bin/sh;
			shellScript = "diff \"${PODS_PODFILE_DIR_PATH}/Podfile.lock\" \"${PODS_ROOT}/Manifest.lock\" > /dev/null\nif [ $? != 0 ] ; then\n    # print error to STDERR\n    echo \"error: The sandbox is not in sync with the Podfile.lock. Run 'pod install' or update your CocoaPods installation.\" >&2\n    exit 1\nfi\n# This output is used by Xcode 'outputs' to avoid re-running this script phase.\necho \"SUCCESS\" > \"${SCRIPT_OUTPUT_FILE_0}\"\n";
			showEnvVarsInLog = 0;
		};
/* End PBXShellScriptBuildPhase section */

/* Begin PBXSourcesBuildPhase section */
		0D28848621E8BA1B0024FB0F /* Sources */ = {
			isa = PBXSourcesBuildPhase;
			buildActionMask = 2147483647;
			files = (
				0D28849021E8BA1B0024FB0F /* MessagesController.swift in Sources */,
				0D8EC66121EA704D00CE0312 /* Extensions.swift in Sources */,
				0D3A415021EA3A6B00643459 /* Service.swift in Sources */,
				0D3A415221EA509900643459 /* LoginController+handlers.swift in Sources */,
				0D2884BF21E8BC650024FB0F /* UIColor.swift in Sources */,
				0D91F90521E96D9500EEFAC6 /* NewMessageController.swift in Sources */,
				0D2884BD21E8BB7D0024FB0F /* LoginController.swift in Sources */,
				0D91F90221E96D0E00EEFAC6 /* User.swift in Sources */,
				0D28848E21E8BA1B0024FB0F /* AppDelegate.swift in Sources */,
			);
			runOnlyForDeploymentPostprocessing = 0;
		};
		0D28849A21E8BA1F0024FB0F /* Sources */ = {
			isa = PBXSourcesBuildPhase;
			buildActionMask = 2147483647;
			files = (
				0D2884A321E8BA1F0024FB0F /* choiceTests.swift in Sources */,
			);
			runOnlyForDeploymentPostprocessing = 0;
		};
		0D2884A521E8BA1F0024FB0F /* Sources */ = {
			isa = PBXSourcesBuildPhase;
			buildActionMask = 2147483647;
			files = (
				0D2884AE21E8BA1F0024FB0F /* choiceUITests.swift in Sources */,
			);
			runOnlyForDeploymentPostprocessing = 0;
		};
/* End PBXSourcesBuildPhase section */

/* Begin PBXTargetDependency section */
		0D2884A021E8BA1F0024FB0F /* PBXTargetDependency */ = {
			isa = PBXTargetDependency;
			target = 0D28848921E8BA1B0024FB0F /* choice */;
			targetProxy = 0D28849F21E8BA1F0024FB0F /* PBXContainerItemProxy */;
		};
		0D2884AB21E8BA1F0024FB0F /* PBXTargetDependency */ = {
			isa = PBXTargetDependency;
			target = 0D28848921E8BA1B0024FB0F /* choice */;
			targetProxy = 0D2884AA21E8BA1F0024FB0F /* PBXContainerItemProxy */;
		};
/* End PBXTargetDependency section */

/* Begin PBXVariantGroup section */
		0D28849121E8BA1B0024FB0F /* Main.storyboard */ = {
			isa = PBXVariantGroup;
			children = (
				0D28849221E8BA1B0024FB0F /* Base */,
			);
			name = Main.storyboard;
			sourceTree = "<group>";
		};
		0D28849621E8BA1F0024FB0F /* LaunchScreen.storyboard */ = {
			isa = PBXVariantGroup;
			children = (
				0D28849721E8BA1F0024FB0F /* Base */,
			);
			name = LaunchScreen.storyboard;
			sourceTree = "<group>";
		};
/* End PBXVariantGroup section */

/* Begin XCBuildConfiguration section */
		0D2884B021E8BA1F0024FB0F /* Debug */ = {
			isa = XCBuildConfiguration;
			buildSettings = {
				ALWAYS_SEARCH_USER_PATHS = NO;
				CLANG_ANALYZER_NONNULL = YES;
				CLANG_ANALYZER_NUMBER_OBJECT_CONVERSION = YES_AGGRESSIVE;
				CLANG_CXX_LANGUAGE_STANDARD = "gnu++14";
				CLANG_CXX_LIBRARY = "libc++";
				CLANG_ENABLE_MODULES = YES;
				CLANG_ENABLE_OBJC_ARC = YES;
				CLANG_ENABLE_OBJC_WEAK = YES;
				CLANG_WARN_BLOCK_CAPTURE_AUTORELEASING = YES;
				CLANG_WARN_BOOL_CONVERSION = YES;
				CLANG_WARN_COMMA = YES;
				CLANG_WARN_CONSTANT_CONVERSION = YES;
				CLANG_WARN_DEPRECATED_OBJC_IMPLEMENTATIONS = YES;
				CLANG_WARN_DIRECT_OBJC_ISA_USAGE = YES_ERROR;
				CLANG_WARN_DOCUMENTATION_COMMENTS = YES;
				CLANG_WARN_EMPTY_BODY = YES;
				CLANG_WARN_ENUM_CONVERSION = YES;
				CLANG_WARN_INFINITE_RECURSION = YES;
				CLANG_WARN_INT_CONVERSION = YES;
				CLANG_WARN_NON_LITERAL_NULL_CONVERSION = YES;
				CLANG_WARN_OBJC_IMPLICIT_RETAIN_SELF = YES;
				CLANG_WARN_OBJC_LITERAL_CONVERSION = YES;
				CLANG_WARN_OBJC_ROOT_CLASS = YES_ERROR;
				CLANG_WARN_RANGE_LOOP_ANALYSIS = YES;
				CLANG_WARN_STRICT_PROTOTYPES = YES;
				CLANG_WARN_SUSPICIOUS_MOVE = YES;
				CLANG_WARN_UNGUARDED_AVAILABILITY = YES_AGGRESSIVE;
				CLANG_WARN_UNREACHABLE_CODE = YES;
				CLANG_WARN__DUPLICATE_METHOD_MATCH = YES;
				CODE_SIGN_IDENTITY = "iPhone Developer";
				COPY_PHASE_STRIP = NO;
				DEBUG_INFORMATION_FORMAT = dwarf;
				ENABLE_STRICT_OBJC_MSGSEND = YES;
				ENABLE_TESTABILITY = YES;
				GCC_C_LANGUAGE_STANDARD = gnu11;
				GCC_DYNAMIC_NO_PIC = NO;
				GCC_NO_COMMON_BLOCKS = YES;
				GCC_OPTIMIZATION_LEVEL = 0;
				GCC_PREPROCESSOR_DEFINITIONS = (
					"DEBUG=1",
					"$(inherited)",
				);
				GCC_WARN_64_TO_32_BIT_CONVERSION = YES;
				GCC_WARN_ABOUT_RETURN_TYPE = YES_ERROR;
				GCC_WARN_UNDECLARED_SELECTOR = YES;
				GCC_WARN_UNINITIALIZED_AUTOS = YES_AGGRESSIVE;
				GCC_WARN_UNUSED_FUNCTION = YES;
				GCC_WARN_UNUSED_VARIABLE = YES;
				IPHONEOS_DEPLOYMENT_TARGET = 12.1;
				MTL_ENABLE_DEBUG_INFO = INCLUDE_SOURCE;
				MTL_FAST_MATH = YES;
				ONLY_ACTIVE_ARCH = YES;
				SDKROOT = iphoneos;
				SWIFT_ACTIVE_COMPILATION_CONDITIONS = DEBUG;
				SWIFT_OPTIMIZATION_LEVEL = "-Onone";
			};
			name = Debug;
		};
		0D2884B121E8BA1F0024FB0F /* Release */ = {
			isa = XCBuildConfiguration;
			buildSettings = {
				ALWAYS_SEARCH_USER_PATHS = NO;
				CLANG_ANALYZER_NONNULL = YES;
				CLANG_ANALYZER_NUMBER_OBJECT_CONVERSION = YES_AGGRESSIVE;
				CLANG_CXX_LANGUAGE_STANDARD = "gnu++14";
				CLANG_CXX_LIBRARY = "libc++";
				CLANG_ENABLE_MODULES = YES;
				CLANG_ENABLE_OBJC_ARC = YES;
				CLANG_ENABLE_OBJC_WEAK = YES;
				CLANG_WARN_BLOCK_CAPTURE_AUTORELEASING = YES;
				CLANG_WARN_BOOL_CONVERSION = YES;
				CLANG_WARN_COMMA = YES;
				CLANG_WARN_CONSTANT_CONVERSION = YES;
				CLANG_WARN_DEPRECATED_OBJC_IMPLEMENTATIONS = YES;
				CLANG_WARN_DIRECT_OBJC_ISA_USAGE = YES_ERROR;
				CLANG_WARN_DOCUMENTATION_COMMENTS = YES;
				CLANG_WARN_EMPTY_BODY = YES;
				CLANG_WARN_ENUM_CONVERSION = YES;
				CLANG_WARN_INFINITE_RECURSION = YES;
				CLANG_WARN_INT_CONVERSION = YES;
				CLANG_WARN_NON_LITERAL_NULL_CONVERSION = YES;
				CLANG_WARN_OBJC_IMPLICIT_RETAIN_SELF = YES;
				CLANG_WARN_OBJC_LITERAL_CONVERSION = YES;
				CLANG_WARN_OBJC_ROOT_CLASS = YES_ERROR;
				CLANG_WARN_RANGE_LOOP_ANALYSIS = YES;
				CLANG_WARN_STRICT_PROTOTYPES = YES;
				CLANG_WARN_SUSPICIOUS_MOVE = YES;
				CLANG_WARN_UNGUARDED_AVAILABILITY = YES_AGGRESSIVE;
				CLANG_WARN_UNREACHABLE_CODE = YES;
				CLANG_WARN__DUPLICATE_METHOD_MATCH = YES;
				CODE_SIGN_IDENTITY = "iPhone Developer";
				COPY_PHASE_STRIP = NO;
				DEBUG_INFORMATION_FORMAT = "dwarf-with-dsym";
				ENABLE_NS_ASSERTIONS = NO;
				ENABLE_STRICT_OBJC_MSGSEND = YES;
				GCC_C_LANGUAGE_STANDARD = gnu11;
				GCC_NO_COMMON_BLOCKS = YES;
				GCC_WARN_64_TO_32_BIT_CONVERSION = YES;
				GCC_WARN_ABOUT_RETURN_TYPE = YES_ERROR;
				GCC_WARN_UNDECLARED_SELECTOR = YES;
				GCC_WARN_UNINITIALIZED_AUTOS = YES_AGGRESSIVE;
				GCC_WARN_UNUSED_FUNCTION = YES;
				GCC_WARN_UNUSED_VARIABLE = YES;
				IPHONEOS_DEPLOYMENT_TARGET = 12.1;
				MTL_ENABLE_DEBUG_INFO = NO;
				MTL_FAST_MATH = YES;
				SDKROOT = iphoneos;
				SWIFT_COMPILATION_MODE = wholemodule;
				SWIFT_OPTIMIZATION_LEVEL = "-O";
				VALIDATE_PRODUCT = YES;
			};
			name = Release;
		};
		0D2884B321E8BA1F0024FB0F /* Debug */ = {
			isa = XCBuildConfiguration;
			baseConfigurationReference = BE727E5DF1739037579AB1F4 /* Pods-choice.debug.xcconfig */;
			buildSettings = {
				ASSETCATALOG_COMPILER_APPICON_NAME = AppIcon;
				CODE_SIGN_STYLE = Automatic;
				DEVELOPMENT_TEAM = AY94T2RTCY;
				INFOPLIST_FILE = choice/Info.plist;
				LD_RUNPATH_SEARCH_PATHS = (
					"$(inherited)",
					"@executable_path/Frameworks",
				);
				PRODUCT_BUNDLE_IDENTIFIER = SmilePick.choice;
				PRODUCT_NAME = "$(TARGET_NAME)";
				SWIFT_VERSION = 4.2;
				TARGETED_DEVICE_FAMILY = "1,2";
			};
			name = Debug;
		};
		0D2884B421E8BA1F0024FB0F /* Release */ = {
			isa = XCBuildConfiguration;
			baseConfigurationReference = 024FEBBC6D0F7B34C9AD8C13 /* Pods-choice.release.xcconfig */;
			buildSettings = {
				ASSETCATALOG_COMPILER_APPICON_NAME = AppIcon;
				CODE_SIGN_STYLE = Automatic;
				DEVELOPMENT_TEAM = AY94T2RTCY;
				INFOPLIST_FILE = choice/Info.plist;
				LD_RUNPATH_SEARCH_PATHS = (
					"$(inherited)",
					"@executable_path/Frameworks",
				);
				PRODUCT_BUNDLE_IDENTIFIER = SmilePick.choice;
				PRODUCT_NAME = "$(TARGET_NAME)";
				SWIFT_VERSION = 4.2;
				TARGETED_DEVICE_FAMILY = "1,2";
			};
			name = Release;
		};
		0D2884B621E8BA1F0024FB0F /* Debug */ = {
			isa = XCBuildConfiguration;
			baseConfigurationReference = C57780FA81E8D5A83AC6084A /* Pods-choiceTests.debug.xcconfig */;
			buildSettings = {
				ALWAYS_EMBED_SWIFT_STANDARD_LIBRARIES = YES;
				BUNDLE_LOADER = "$(TEST_HOST)";
				CODE_SIGN_STYLE = Automatic;
				DEVELOPMENT_TEAM = AY94T2RTCY;
				INFOPLIST_FILE = choiceTests/Info.plist;
				LD_RUNPATH_SEARCH_PATHS = (
					"$(inherited)",
					"@executable_path/Frameworks",
					"@loader_path/Frameworks",
				);
				PRODUCT_BUNDLE_IDENTIFIER = SmilePick.choiceTests;
				PRODUCT_NAME = "$(TARGET_NAME)";
				SWIFT_VERSION = 4.2;
				TARGETED_DEVICE_FAMILY = "1,2";
				TEST_HOST = "$(BUILT_PRODUCTS_DIR)/choice.app/choice";
			};
			name = Debug;
		};
		0D2884B721E8BA1F0024FB0F /* Release */ = {
			isa = XCBuildConfiguration;
			baseConfigurationReference = E509B075A0E7B0C118E06589 /* Pods-choiceTests.release.xcconfig */;
			buildSettings = {
				ALWAYS_EMBED_SWIFT_STANDARD_LIBRARIES = YES;
				BUNDLE_LOADER = "$(TEST_HOST)";
				CODE_SIGN_STYLE = Automatic;
				DEVELOPMENT_TEAM = AY94T2RTCY;
				INFOPLIST_FILE = choiceTests/Info.plist;
				LD_RUNPATH_SEARCH_PATHS = (
					"$(inherited)",
					"@executable_path/Frameworks",
					"@loader_path/Frameworks",
				);
				PRODUCT_BUNDLE_IDENTIFIER = SmilePick.choiceTests;
				PRODUCT_NAME = "$(TARGET_NAME)";
				SWIFT_VERSION = 4.2;
				TARGETED_DEVICE_FAMILY = "1,2";
				TEST_HOST = "$(BUILT_PRODUCTS_DIR)/choice.app/choice";
			};
			name = Release;
		};
		0D2884B921E8BA1F0024FB0F /* Debug */ = {
			isa = XCBuildConfiguration;
			baseConfigurationReference = 4A628AE7B2CB4A6EF79E6B69 /* Pods-choiceUITests.debug.xcconfig */;
			buildSettings = {
				ALWAYS_EMBED_SWIFT_STANDARD_LIBRARIES = YES;
				CODE_SIGN_STYLE = Automatic;
				DEVELOPMENT_TEAM = AY94T2RTCY;
				INFOPLIST_FILE = choiceUITests/Info.plist;
				LD_RUNPATH_SEARCH_PATHS = (
					"$(inherited)",
					"@executable_path/Frameworks",
					"@loader_path/Frameworks",
				);
				PRODUCT_BUNDLE_IDENTIFIER = SmilePick.choiceUITests;
				PRODUCT_NAME = "$(TARGET_NAME)";
				SWIFT_VERSION = 4.2;
				TARGETED_DEVICE_FAMILY = "1,2";
				TEST_TARGET_NAME = choice;
			};
			name = Debug;
		};
		0D2884BA21E8BA1F0024FB0F /* Release */ = {
			isa = XCBuildConfiguration;
			baseConfigurationReference = EF6FEA70AEC1E2329EC621D6 /* Pods-choiceUITests.release.xcconfig */;
			buildSettings = {
				ALWAYS_EMBED_SWIFT_STANDARD_LIBRARIES = YES;
				CODE_SIGN_STYLE = Automatic;
				DEVELOPMENT_TEAM = AY94T2RTCY;
				INFOPLIST_FILE = choiceUITests/Info.plist;
				LD_RUNPATH_SEARCH_PATHS = (
					"$(inherited)",
					"@executable_path/Frameworks",
					"@loader_path/Frameworks",
				);
				PRODUCT_BUNDLE_IDENTIFIER = SmilePick.choiceUITests;
				PRODUCT_NAME = "$(TARGET_NAME)";
				SWIFT_VERSION = 4.2;
				TARGETED_DEVICE_FAMILY = "1,2";
				TEST_TARGET_NAME = choice;
			};
			name = Release;
		};
/* End XCBuildConfiguration section */

/* Begin XCConfigurationList section */
		0D28848521E8BA1B0024FB0F /* Build configuration list for PBXProject "choice" */ = {
			isa = XCConfigurationList;
			buildConfigurations = (
				0D2884B021E8BA1F0024FB0F /* Debug */,
				0D2884B121E8BA1F0024FB0F /* Release */,
			);
			defaultConfigurationIsVisible = 0;
			defaultConfigurationName = Release;
		};
		0D2884B221E8BA1F0024FB0F /* Build configuration list for PBXNativeTarget "choice" */ = {
			isa = XCConfigurationList;
			buildConfigurations = (
				0D2884B321E8BA1F0024FB0F /* Debug */,
				0D2884B421E8BA1F0024FB0F /* Release */,
			);
			defaultConfigurationIsVisible = 0;
			defaultConfigurationName = Release;
		};
		0D2884B521E8BA1F0024FB0F /* Build configuration list for PBXNativeTarget "choiceTests" */ = {
			isa = XCConfigurationList;
			buildConfigurations = (
				0D2884B621E8BA1F0024FB0F /* Debug */,
				0D2884B721E8BA1F0024FB0F /* Release */,
			);
			defaultConfigurationIsVisible = 0;
			defaultConfigurationName = Release;
		};
		0D2884B821E8BA1F0024FB0F /* Build configuration list for PBXNativeTarget "choiceUITests" */ = {
			isa = XCConfigurationList;
			buildConfigurations = (
				0D2884B921E8BA1F0024FB0F /* Debug */,
				0D2884BA21E8BA1F0024FB0F /* Release */,
			);
			defaultConfigurationIsVisible = 0;
			defaultConfigurationName = Release;
		};
/* End XCConfigurationList section */
	};
	rootObject = 0D28848221E8BA1B0024FB0F /* Project object */;
}
